
Microsoft Visual Studio Solution File, Format Version 12.00
# Visual Studio 15
Project("{FAE04EC0-301F-11D3-BF4B-00C04F79EFBC}") = "Assembly-CSharp", "Assembly-CSharp.csproj", "{BC575AE5-946D-4F07-FEDF-ABDD1A3E47A8}"
EndProject
Global
	GlobalSection(SolutionConfigurationPlatforms) = preSolution
		Debug|Any CPU = Debug|Any CPU
		Release|Any CPU = Release|Any CPU
	EndGlobalSection
	GlobalSection(ProjectConfigurationPlatforms) = postSolution
		{BC575AE5-946D-4F07-FEDF-ABDD1A3E47A8}.Debug|Any CPU.ActiveCfg = Debug|Any CPU
		{BC575AE5-946D-4F07-FEDF-ABDD1A3E47A8}.Debug|Any CPU.Build.0 = Debug|Any CPU
		{BC575AE5-946D-4F07-FEDF-ABDD1A3E47A8}.Release|Any CPU.ActiveCfg = Release|Any CPU
		{BC575AE5-946D-4F07-FEDF-ABDD1A3E47A8}.Release|Any CPU.Build.0 = Release|Any CPU
	EndGlobalSection
	GlobalSection(SolutionProperties) = preSolution
		HideSolutionNode = FALSE
	EndGlobalSection
EndGlobal
